
Microsoft Visual Studio Solution File, Format Version 12.00
# Visual Studio Version 16
VisualStudioVersion = 16.0.31025.194
MinimumVisualStudioVersion = 10.0.40219.1
Project("{FAE04EC0-301F-11D3-BF4B-00C04F79EFBC}") = "DI_RetoCS", "DI_RetoCS.csproj", "{16F626A7-7543-42B5-8EA2-B2CFBF29E199}"
EndProject
Global
	GlobalSection(SolutionConfigurationPlatforms) = preSolution
		Debug|Any CPU = Debug|Any CPU
		Release|Any CPU = Release|Any CPU
	EndGlobalSection
	GlobalSection(ProjectConfigurationPlatforms) = postSolution
		{16F626A7-7543-42B5-8EA2-B2CFBF29E199}.Debug|Any CPU.ActiveCfg = Debug|Any CPU
		{16F626A7-7543-42B5-8EA2-B2CFBF29E199}.Debug|Any CPU.Build.0 = Debug|Any CPU
		{16F626A7-7543-42B5-8EA2-B2CFBF29E199}.Release|Any CPU.ActiveCfg = Release|Any CPU
		{16F626A7-7543-42B5-8EA2-B2CFBF29E199}.Release|Any CPU.Build.0 = Release|Any CPU
	EndGlobalSection
	GlobalSection(SolutionProperties) = preSolution
		HideSolutionNode = FALSE
	EndGlobalSection
	GlobalSection(ExtensibilityGlobals) = postSolution
		SolutionGuid = {ED08BFB6-A883-4237-8D16-6E49B532B550}
	EndGlobalSection
EndGlobal
